<?xml version="1.0" encoding="utf-8"?>
<Project ToolsVersion="17.0" xmlns="http://schemas.microsoft.com/developer/msbuild/2003">
  <ItemGroup>
    <CustomBuild Include="C:\Users\Thomas\source\repos\OpenGL-Example\bin\CMakeFiles\9ad04ca5cc1fc2d5f6c5d224c3d189b0\INSTALL_force.rule">
      <Filter>CMake Rules</Filter>
    </CustomBuild>
  </ItemGroup>
  <ItemGroup>
    <Filter Include="CMake Rules">
      <UniqueIdentifier>{E955248B-FA73-397B-9AB1-2337C883474C}</UniqueIdentifier>
    </Filter>
  </ItemGroup>
</Project>
